
Microsoft Visual Studio Solution File, Format Version 12.00
# Visual Studio Version 16
VisualStudioVersion = 16.0.30011.22
MinimumVisualStudioVersion = 10.0.40219.1
Project("{FAE04EC0-301F-11D3-BF4B-00C04F79EFBC}") = "PharmacyMedicineSupply", "PharmacyMedicineSupply.csproj", "{7ECE77FF-96E3-438E-99F0-F9B7DA8F62FF}"
EndProject
Project("{9A19103F-16F7-4668-BE54-9A1E7A4F7556}") = "AuthService", "..\AuthService\AuthService.csproj", "{9AB72405-BC38-4757-8722-E504E79D25BE}"
EndProject
Global
	GlobalSection(SolutionConfigurationPlatforms) = preSolution
		Debug|Any CPU = Debug|Any CPU
		Release|Any CPU = Release|Any CPU
	EndGlobalSection
	GlobalSection(ProjectConfigurationPlatforms) = postSolution
		{7ECE77FF-96E3-438E-99F0-F9B7DA8F62FF}.Debug|Any CPU.ActiveCfg = Debug|Any CPU
		{7ECE77FF-96E3-438E-99F0-F9B7DA8F62FF}.Debug|Any CPU.Build.0 = Debug|Any CPU
		{7ECE77FF-96E3-438E-99F0-F9B7DA8F62FF}.Release|Any CPU.ActiveCfg = Release|Any CPU
		{7ECE77FF-96E3-438E-99F0-F9B7DA8F62FF}.Release|Any CPU.Build.0 = Release|Any CPU
		{9AB72405-BC38-4757-8722-E504E79D25BE}.Debug|Any CPU.ActiveCfg = Debug|Any CPU
		{9AB72405-BC38-4757-8722-E504E79D25BE}.Debug|Any CPU.Build.0 = Debug|Any CPU
		{9AB72405-BC38-4757-8722-E504E79D25BE}.Release|Any CPU.ActiveCfg = Release|Any CPU
		{9AB72405-BC38-4757-8722-E504E79D25BE}.Release|Any CPU.Build.0 = Release|Any CPU
	EndGlobalSection
	GlobalSection(SolutionProperties) = preSolution
		HideSolutionNode = FALSE
	EndGlobalSection
	GlobalSection(ExtensibilityGlobals) = postSolution
		SolutionGuid = {CA124D6B-FC2D-4354-A9A2-19F92968D485}
	EndGlobalSection
EndGlobal
